{
  "name": "mfx-field-presence-matcher",
  "version": "2.0.0",
  "lockfileVersion": 1,
  "requires": true,
  "dependencies": {
    "mf-dynamic-form": {
      "version": "2.0.0",
      "resolved": "https://registry.npmjs.org/mf-dynamic-form/-/mf-dynamic-form-2.0.0.tgz",
      "integrity": "sha512-iaFsG1PMiZ9JkFKOZKcYtDyD7go4+Aa35b4isAqRrkHKowFFpCMcc/6jqFA5L3c5V7wqLELhXbpKgAqx/WeA1w==",
      "requires": {
        "tslib": "^2.0.0"
      }
    },
    "tslib": {
      "version": "2.3.1",
      "resolved": "https://registry.npmjs.org/tslib/-/tslib-2.3.1.tgz",
      "integrity": "sha512-77EbyPPpMz+FRFRuAFlWMtmgUWGe9UOG2Z25NqCwiIjRhOf5iKGuzSe5P2w1laq+FkRy4p+PCuVkJSGkzTEKVw=="
    },
    "typescript": {
      "version": "4.1.6",
      "resolved": "https://registry.npmjs.org/typescript/-/typescript-4.1.6.tgz",
      "integrity": "sha512-pxnwLxeb/Z5SP80JDRzVjh58KsM6jZHRAOtTpS7sXLS4ogXNKC9ANxHHZqLLeVHZN35jCtI4JdmLLbLiC1kBow==",
      "dev": true
    }
  }
}
